
Microsoft Visual Studio Solution File, Format Version 12.00
# Visual Studio 2013
VisualStudioVersion = 12.0.30723.0
MinimumVisualStudioVersion = 10.0.40219.1
Project("{8BC9CEB8-8B4A-11D0-8D11-00A0C91BC942}") = "DX3D.SimpleDemo", "DX3D.SimpleDemo.vcxproj", "{4B7997CC-8974-4E51-A31D-FD76EB1D7540}"
EndProject
Global
	GlobalSection(SolutionConfigurationPlatforms) = preSolution
		Debug|Win32 = Debug|Win32
		Release|Win32 = Release|Win32
	EndGlobalSection
	GlobalSection(ProjectConfigurationPlatforms) = postSolution
		{4B7997CC-8974-4E51-A31D-FD76EB1D7540}.Debug|Win32.ActiveCfg = Debug|Win32
		{4B7997CC-8974-4E51-A31D-FD76EB1D7540}.Debug|Win32.Build.0 = Debug|Win32
		{4B7997CC-8974-4E51-A31D-FD76EB1D7540}.Release|Win32.ActiveCfg = Release|Win32
		{4B7997CC-8974-4E51-A31D-FD76EB1D7540}.Release|Win32.Build.0 = Release|Win32
	EndGlobalSection
	GlobalSection(SolutionProperties) = preSolution
		HideSolutionNode = FALSE
	EndGlobalSection
EndGlobal
